
Microsoft Visual Studio Solution File, Format Version 12.00
# Visual Studio Version 17
VisualStudioVersion = 17.1.32210.238
MinimumVisualStudioVersion = 10.0.40219.1
Project("{FAE04EC0-301F-11D3-BF4B-00C04F79EFBC}") = "20220219-ENTERPRISE-MANAGEMENT", "20220219-ENTERPRISE-MANAGEMENT\20220219-ENTERPRISE-MANAGEMENT.csproj", "{2A67A71F-90E0-4BDF-8845-674A2C7E2735}"
EndProject
Global
	GlobalSection(SolutionConfigurationPlatforms) = preSolution
		Debug|Any CPU = Debug|Any CPU
		Release|Any CPU = Release|Any CPU
	EndGlobalSection
	GlobalSection(ProjectConfigurationPlatforms) = postSolution
		{2A67A71F-90E0-4BDF-8845-674A2C7E2735}.Debug|Any CPU.ActiveCfg = Debug|Any CPU
		{2A67A71F-90E0-4BDF-8845-674A2C7E2735}.Debug|Any CPU.Build.0 = Debug|Any CPU
		{2A67A71F-90E0-4BDF-8845-674A2C7E2735}.Release|Any CPU.ActiveCfg = Release|Any CPU
		{2A67A71F-90E0-4BDF-8845-674A2C7E2735}.Release|Any CPU.Build.0 = Release|Any CPU
	EndGlobalSection
	GlobalSection(SolutionProperties) = preSolution
		HideSolutionNode = FALSE
	EndGlobalSection
	GlobalSection(ExtensibilityGlobals) = postSolution
		SolutionGuid = {14A32A46-BCBA-45B5-BB22-188DCAF71A3E}
	EndGlobalSection
EndGlobal
